# THIS IS AN AUTOGENERATED FILE. DO NOT EDIT THIS FILE DIRECTLY.
# yarn lockfile v1


"@formatjs/ecma402-abstract@1.9.8":
  version "1.9.8"
  resolved "https://registry.yarnpkg.com/@formatjs/ecma402-abstract/-/ecma402-abstract-1.9.8.tgz#f3dad447fbc7f063f88e2a148b7a353161740e74"
  integrity sha512-2U4n11bLmTij/k4ePCEFKJILPYwdMcJTdnKVBi+JMWBgu5O1N+XhCazlE6QXqVO1Agh2Doh0b/9Jf1mSmSVfhA==
  dependencies:
    "@formatjs/intl-localematcher" "0.2.20"
    tslib "^2.1.0"

"@formatjs/fast-memoize@1.2.0":
  version "1.2.0"
  resolved "https://registry.yarnpkg.com/@formatjs/fast-memoize/-/fast-memoize-1.2.0.tgz#1123bfcc5d21d761f15d8b1c32d10e1b6530355d"
  integrity sha512-fObitP9Tlc31SKrPHgkPgQpGo4+4yXfQQITTCNH8AZdEqB7Mq4nPrjpUL/tNGN3lEeJcFxDbi0haX8HM7QvQ8w==
  dependencies:
    tslib "^2.1.0"

"@formatjs/icu-messageformat-parser@2.0.11":
  version "2.0.11"
  resolved "https://registry.yarnpkg.com/@formatjs/icu-messageformat-parser/-/icu-messageformat-parser-2.0.11.tgz#e4ba40b9a8aefc8bccfc96be5906d3bca305b4b3"
  integrity sha512-5mWb8U8aulYGwnDZWrr+vdgn5PilvtrqQYQ1pvpgzQes/osi85TwmL2GqTGLlKIvBKD2XNA61kAqXYY95w4LWg==
  dependencies:
    "@formatjs/ecma402-abstract" "1.9.8"
    "@formatjs/icu-skeleton-parser" "1.2.12"
    tslib "^2.1.0"

"@formatjs/icu-skeleton-parser@1.2.12":
  version "1.2.12"
  resolved "https://registry.yarnpkg.com/@formatjs/icu-skeleton-parser/-/icu-skeleton-parser-1.2.12.tgz#45426eb1448c0c08c931eb9f0672283c0e4d0062"
  integrity sha512-DTFxWmEA02ZNW6fsYjGYSADvtrqqjCYF7DSgCmMfaaE0gLP4pCdAgOPE+lkXXU+jP8iCw/YhMT2Seyk/C5lBWg==
  dependencies:
    "@formatjs/ecma402-abstract" "1.9.8"
    tslib "^2.1.0"

"@formatjs/intl-displaynames@5.2.3":
  version "5.2.3"
  resolved "https://registry.yarnpkg.com/@formatjs/intl-displaynames/-/intl-displaynames-5.2.3.tgz#a0cebc81e89c5414177ade71a2f2388d799ee6e8"
  integrity sha512-5BmhSurLbfgdeo0OBcNPPkIS8ikMMYaHe2NclxEQZqcMvrnQzNMNnUE2dDF5vZx+mkvKq77aQYzpc8RfqVsRCQ==
  dependencies:
    "@formatjs/ecma402-abstract" "1.9.8"
    "@formatjs/intl-localematcher" "0.2.20"
    tslib "^2.1.0"

"@formatjs/intl-listformat@6.3.3":
  version "6.3.3"
  resolved "https://registry.yarnpkg.com/@formatjs/intl-listformat/-/intl-listformat-6.3.3.tgz#0cb83a012c0ae46876e30589a086695298e0fb5c"
  integrity sha512-3nzAKgVS5rePDa5HiH0OwZgAhqxLtzlMc9Pg4QgajRHSP1TqFiMmQnnn52wd3+xVTb7cjZVm3JBnTv51/MhTOg==
  dependencies:
    "@formatjs/ecma402-abstract" "1.9.8"
    "@formatjs/intl-localematcher" "0.2.20"
    tslib "^2.1.0"

"@formatjs/intl-localematcher@0.2.20":
  version "0.2.20"
  resolved "https://registry.yarnpkg.com/@formatjs/intl-localematcher/-/intl-localematcher-0.2.20.tgz#782aef53d1c1b6112ee67468dc59f9b8d1ba7b17"
  integrity sha512-/Ro85goRZnCojzxOegANFYL0LaDIpdPjAukR7xMTjOtRx+3yyjR0ifGTOW3/Kjhmab3t6GnyHBYWZSudxEOxPA==
  dependencies:
    tslib "^2.1.0"

"@formatjs/intl@^1.14.1":
  version "1.14.1"
  resolved "https://registry.yarnpkg.com/@formatjs/intl/-/intl-1.14.1.tgz#03e12f7e2cf557defdd1a5aeb1c143efb8cfbc7b"
  integrity sha512-mtL8oBgFwTu0GHFnxaF93fk/zNzNkPzl+27Fwg5AZ88pWHWb7037dpODzoCBnaIVk4FBO5emUn/6jI9Byj8hOw==
  dependencies:
    "@formatjs/ecma402-abstract" "1.9.8"
    "@formatjs/fast-memoize" "1.2.0"
    "@formatjs/icu-messageformat-parser" "2.0.11"
    "@formatjs/intl-displaynames" "5.2.3"
    "@formatjs/intl-listformat" "6.3.3"
    intl-messageformat "9.9.1"
    tslib "^2.1.0"

intl-messageformat@9.9.1:
  version "9.9.1"
  resolved "https://registry.yarnpkg.com/intl-messageformat/-/intl-messageformat-9.9.1.tgz#255d453b0656b4f7e741f31d2b4a95bf2adfe064"
  integrity sha512-cuzS/XKHn//hvKka77JKU2dseiVY2dofQjIOZv6ZFxFt4Z9sPXnZ7KQ9Ak2r+4XBCjI04MqJ1PhKs/3X22AkfA==
  dependencies:
    "@formatjs/fast-memoize" "1.2.0"
    "@formatjs/icu-messageformat-parser" "2.0.11"
    tslib "^2.1.0"

tslib@^2.1.0:
  version "2.3.1"
  resolved "https://registry.yarnpkg.com/tslib/-/tslib-2.3.1.tgz#e8a335add5ceae51aa261d32a490158ef042ef01"
  integrity sha512-77EbyPPpMz+FRFRuAFlWMtmgUWGe9UOG2Z25NqCwiIjRhOf5iKGuzSe5P2w1laq+FkRy4p+PCuVkJSGkzTEKVw==
